<Solution>
  <Configurations>
    <Platform Name="Any CPU" />
    <Platform Name="x64" />
    <Platform Name="x86" />
  </Configurations>
  <Folder Name="/Solution Items/">
    <File Path=".editorconfig" />
    <File Path=".template.config/template.json" />
    <File Path="CleanArchitecture.nuspec" />
    <File Path="Directory.Build.props" />
    <File Path="Directory.Packages.props" />
  </Folder>
  <Folder Name="/src/">
    <Project Path="src/Test.Core/Test.Core.csproj" />
    <Project Path="src/Test.Infrastructure/Test.Infrastructure.csproj" />
    <Project Path="src/Test.UseCases/Test.UseCases.csproj" />
    <Project Path="src/Test.Web/Test.Web.csproj" />
  </Folder>
  <Folder Name="/src/_aspire/">
    <Project Path="src/Test.AspireHost/Test.AspireHost.csproj" />
    <Project Path="src/Test.ServiceDefaults/Test.ServiceDefaults.csproj" />
  </Folder>
  <Folder Name="/tests/">
    <Project Path="tests/Test.FunctionalTests/Test.FunctionalTests.csproj">
      <BuildDependency Project="src/Test.Web/Test.Web.csproj" />
    </Project>
    <Project Path="tests/Test.IntegrationTests/Test.IntegrationTests.csproj">
      <BuildDependency Project="src/Test.Infrastructure/Test.Infrastructure.csproj" />
    </Project>
    <Project Path="tests/Test.UnitTests/Test.UnitTests.csproj" />
  </Folder>
</Solution>
